// !$*UTF8*$!
{
	archiveVersion = 1;
	classes = {
	};
	objectVersion = 46;
	objects = {

/* Begin PBXBuildFile section */
		187C50861D6075F500649516 /* Stopwatch-104.png in Resources */ = {isa = PBXBuildFile; fileRef = 187C50851D6075F500649516 /* Stopwatch-104.png */; };
		187C50891D6088BC00649516 /* correct-mark.png in Resources */ = {isa = PBXBuildFile; fileRef = 187C50871D6088BC00649516 /* correct-mark.png */; };
		187C508A1D6088BC00649516 /* icon.png in Resources */ = {isa = PBXBuildFile; fileRef = 187C50881D6088BC00649516 /* icon.png */; };
		29BB81CA390A44CACF278430 /* Pods_trumporfalse.framework in Frameworks */ = {isa = PBXBuildFile; fileRef = 1EBB5278259F96D316F71174 /* Pods_trumporfalse.framework */; };
		A6E752371D60972F0035CD20 /* QuoteSource.swift in Sources */ = {isa = PBXBuildFile; fileRef = A6E752361D60972F0035CD20 /* QuoteSource.swift */; };
		D03D90DF1D60A85200B35A86 /* One Finger-100.png in Resources */ = {isa = PBXBuildFile; fileRef = D03D90DE1D60A85200B35A86 /* One Finger-100.png */; };
		D0C0DAB01D60AA7F0080154F /* StartViewController.swift in Sources */ = {isa = PBXBuildFile; fileRef = D0C0DAAF1D60AA7F0080154F /* StartViewController.swift */; };
		EC4B01721D5FC95A007FCBCF /* AppDelegate.swift in Sources */ = {isa = PBXBuildFile; fileRef = EC4B01711D5FC95A007FCBCF /* AppDelegate.swift */; };
		EC4B01741D5FC95A007FCBCF /* ViewController.swift in Sources */ = {isa = PBXBuildFile; fileRef = EC4B01731D5FC95A007FCBCF /* ViewController.swift */; };
		EC4B01771D5FC95A007FCBCF /* Main.storyboard in Resources */ = {isa = PBXBuildFile; fileRef = EC4B01751D5FC95A007FCBCF /* Main.storyboard */; };
		EC4B01791D5FC95A007FCBCF /* Assets.xcassets in Resources */ = {isa = PBXBuildFile; fileRef = EC4B01781D5FC95A007FCBCF /* Assets.xcassets */; };
		EC4B017C1D5FC95A007FCBCF /* LaunchScreen.storyboard in Resources */ = {isa = PBXBuildFile; fileRef = EC4B017A1D5FC95A007FCBCF /* LaunchScreen.storyboard */; };
		EC4B018C1D603274007FCBCF /* trumpAudio.mp3 in Resources */ = {isa = PBXBuildFile; fileRef = EC4B018B1D603274007FCBCF /* trumpAudio.mp3 */; };
/* End PBXBuildFile section */

/* Begin PBXFileReference section */
		187C50851D6075F500649516 /* Stopwatch-104.png */ = {isa = PBXFileReference; lastKnownFileType = image.png; path = "Stopwatch-104.png"; sourceTree = "<group>"; };
		187C50871D6088BC00649516 /* correct-mark.png */ = {isa = PBXFileReference; lastKnownFileType = image.png; path = "correct-mark.png"; sourceTree = "<group>"; };
		187C50881D6088BC00649516 /* icon.png */ = {isa = PBXFileReference; lastKnownFileType = image.png; path = icon.png; sourceTree = "<group>"; };
		1EBB5278259F96D316F71174 /* Pods_trumporfalse.framework */ = {isa = PBXFileReference; explicitFileType = wrapper.framework; includeInIndex = 0; path = Pods_trumporfalse.framework; sourceTree = BUILT_PRODUCTS_DIR; };
		3D6AEA989A97862889440226 /* Pods-trumporfalse.debug.xcconfig */ = {isa = PBXFileReference; includeInIndex = 1; lastKnownFileType = text.xcconfig; name = "Pods-trumporfalse.debug.xcconfig"; path = "Pods/Target Support Files/Pods-trumporfalse/Pods-trumporfalse.debug.xcconfig"; sourceTree = "<group>"; };
		A6E752361D60972F0035CD20 /* QuoteSource.swift */ = {isa = PBXFileReference; fileEncoding = 4; lastKnownFileType = sourcecode.swift; path = QuoteSource.swift; sourceTree = "<group>"; };
		D03D90DE1D60A85200B35A86 /* One Finger-100.png */ = {isa = PBXFileReference; lastKnownFileType = image.png; path = "One Finger-100.png"; sourceTree = "<group>"; };
		D0C0DAAF1D60AA7F0080154F /* StartViewController.swift */ = {isa = PBXFileReference; fileEncoding = 4; lastKnownFileType = sourcecode.swift; path = StartViewController.swift; sourceTree = "<group>"; };
		EC4B016E1D5FC95A007FCBCF /* trumporfalse.app */ = {isa = PBXFileReference; explicitFileType = wrapper.application; includeInIndex = 0; path = trumporfalse.app; sourceTree = BUILT_PRODUCTS_DIR; };
		EC4B01711D5FC95A007FCBCF /* AppDelegate.swift */ = {isa = PBXFileReference; lastKnownFileType = sourcecode.swift; path = AppDelegate.swift; sourceTree = "<group>"; };
		EC4B01731D5FC95A007FCBCF /* ViewController.swift */ = {isa = PBXFileReference; lastKnownFileType = sourcecode.swift; path = ViewController.swift; sourceTree = "<group>"; };
		EC4B01761D5FC95A007FCBCF /* Base */ = {isa = PBXFileReference; lastKnownFileType = file.storyboard; name = Base; path = Base.lproj/Main.storyboard; sourceTree = "<group>"; };
		EC4B01781D5FC95A007FCBCF /* Assets.xcassets */ = {isa = PBXFileReference; lastKnownFileType = folder.assetcatalog; path = Assets.xcassets; sourceTree = "<group>"; };
		EC4B017B1D5FC95A007FCBCF /* Base */ = {isa = PBXFileReference; lastKnownFileType = file.storyboard; name = Base; path = Base.lproj/LaunchScreen.storyboard; sourceTree = "<group>"; };
		EC4B017D1D5FC95A007FCBCF /* Info.plist */ = {isa = PBXFileReference; lastKnownFileType = text.plist.xml; path = Info.plist; sourceTree = "<group>"; };
		EC4B018B1D603274007FCBCF /* trumpAudio.mp3 */ = {isa = PBXFileReference; lastKnownFileType = audio.mp3; path = trumpAudio.mp3; sourceTree = "<group>"; };
		ED153DA385A429BA00EB386A /* Pods-trumporfalse.release.xcconfig */ = {isa = PBXFileReference; includeInIndex = 1; lastKnownFileType = text.xcconfig; name = "Pods-trumporfalse.release.xcconfig"; path = "Pods/Target Support Files/Pods-trumporfalse/Pods-trumporfalse.release.xcconfig"; sourceTree = "<group>"; };
/* End PBXFileReference section */

/* Begin PBXFrameworksBuildPhase section */
		EC4B016B1D5FC95A007FCBCF /* Frameworks */ = {
			isa = PBXFrameworksBuildPhase;
			buildActionMask = 2147483647;
			files = (
				29BB81CA390A44CACF278430 /* Pods_trumporfalse.framework in Frameworks */,
			);
			runOnlyForDeploymentPostprocessing = 0;
		};
/* End PBXFrameworksBuildPhase section */

/* Begin PBXGroup section */
		592CEFCB90EAA9B7757C4148 /* Frameworks */ = {
			isa = PBXGroup;
			children = (
				1EBB5278259F96D316F71174 /* Pods_trumporfalse.framework */,
			);
			name = Frameworks;
			sourceTree = "<group>";
		};
		82FEF251DF9F1322F5C23AB1 /* Pods */ = {
			isa = PBXGroup;
			children = (
				3D6AEA989A97862889440226 /* Pods-trumporfalse.debug.xcconfig */,
				ED153DA385A429BA00EB386A /* Pods-trumporfalse.release.xcconfig */,
			);
			name = Pods;
			sourceTree = "<group>";
		};
		EC4B01651D5FC95A007FCBCF = {
			isa = PBXGroup;
			children = (
				EC4B01701D5FC95A007FCBCF /* trumporfalse */,
				EC4B016F1D5FC95A007FCBCF /* Products */,
				82FEF251DF9F1322F5C23AB1 /* Pods */,
				592CEFCB90EAA9B7757C4148 /* Frameworks */,
			);
			sourceTree = "<group>";
		};
		EC4B016F1D5FC95A007FCBCF /* Products */ = {
			isa = PBXGroup;
			children = (
				EC4B016E1D5FC95A007FCBCF /* trumporfalse.app */,
			);
			name = Products;
			sourceTree = "<group>";
		};
		EC4B01701D5FC95A007FCBCF /* trumporfalse */ = {
			isa = PBXGroup;
			children = (
				EC4B01711D5FC95A007FCBCF /* AppDelegate.swift */,
				A6E752361D60972F0035CD20 /* QuoteSource.swift */,
				EC4B01731D5FC95A007FCBCF /* ViewController.swift */,
				EC4B01751D5FC95A007FCBCF /* Main.storyboard */,
				D0C0DAAF1D60AA7F0080154F /* StartViewController.swift */,
				EC4B018B1D603274007FCBCF /* trumpAudio.mp3 */,
				EC4B01781D5FC95A007FCBCF /* Assets.xcassets */,
				D03D90DE1D60A85200B35A86 /* One Finger-100.png */,
				187C50871D6088BC00649516 /* correct-mark.png */,
				187C50881D6088BC00649516 /* icon.png */,
				187C50851D6075F500649516 /* Stopwatch-104.png */,
				EC4B017A1D5FC95A007FCBCF /* LaunchScreen.storyboard */,
				EC4B017D1D5FC95A007FCBCF /* Info.plist */,
			);
			path = trumporfalse;
			sourceTree = "<group>";
		};
/* End PBXGroup section */

/* Begin PBXNativeTarget section */
		EC4B016D1D5FC95A007FCBCF /* trumporfalse */ = {
			isa = PBXNativeTarget;
			buildConfigurationList = EC4B01801D5FC95A007FCBCF /* Build configuration list for PBXNativeTarget "trumporfalse" */;
			buildPhases = (
				2D2C94A6ED86E8E8C421AA36 /* [CP] Check Pods Manifest.lock */,
				EC4B016A1D5FC95A007FCBCF /* Sources */,
				EC4B016B1D5FC95A007FCBCF /* Frameworks */,
				EC4B016C1D5FC95A007FCBCF /* Resources */,
				A8BBE1702D3BC58145BF2076 /* [CP] Embed Pods Frameworks */,
				1E6331113B775B571D0AF6DD /* [CP] Copy Pods Resources */,
			);
			buildRules = (
			);
			dependencies = (
			);
			name = trumporfalse;
			productName = trumporfalse;
			productReference = EC4B016E1D5FC95A007FCBCF /* trumporfalse.app */;
			productType = "com.apple.product-type.application";
		};
/* End PBXNativeTarget section */

/* Begin PBXProject section */
		EC4B01661D5FC95A007FCBCF /* Project object */ = {
			isa = PBXProject;
			attributes = {
				LastSwiftUpdateCheck = 0730;
				LastUpgradeCheck = 0730;
				ORGANIZATIONNAME = "Monte Thakkar";
				TargetAttributes = {
					EC4B016D1D5FC95A007FCBCF = {
						CreatedOnToolsVersion = 7.3;
						DevelopmentTeam = B65QRQ98UJ;
					};
				};
			};
			buildConfigurationList = EC4B01691D5FC95A007FCBCF /* Build configuration list for PBXProject "trumporfalse" */;
			compatibilityVersion = "Xcode 3.2";
			developmentRegion = English;
			hasScannedForEncodings = 0;
			knownRegions = (
				en,
				Base,
			);
			mainGroup = EC4B01651D5FC95A007FCBCF;
			productRefGroup = EC4B016F1D5FC95A007FCBCF /* Products */;
			projectDirPath = "";
			projectRoot = "";
			targets = (
				EC4B016D1D5FC95A007FCBCF /* trumporfalse */,
			);
		};
/* End PBXProject section */

/* Begin PBXResourcesBuildPhase section */
		EC4B016C1D5FC95A007FCBCF /* Resources */ = {
			isa = PBXResourcesBuildPhase;
			buildActionMask = 2147483647;
			files = (
				D03D90DF1D60A85200B35A86 /* One Finger-100.png in Resources */,
				187C50861D6075F500649516 /* Stopwatch-104.png in Resources */,
				187C508A1D6088BC00649516 /* icon.png in Resources */,
				EC4B017C1D5FC95A007FCBCF /* LaunchScreen.storyboard in Resources */,
				EC4B01791D5FC95A007FCBCF /* Assets.xcassets in Resources */,
				187C50891D6088BC00649516 /* correct-mark.png in Resources */,
				EC4B018C1D603274007FCBCF /* trumpAudio.mp3 in Resources */,
				EC4B01771D5FC95A007FCBCF /* Main.storyboard in Resources */,
			);
			runOnlyForDeploymentPostprocessing = 0;
		};
/* End PBXResourcesBuildPhase section */

/* Begin PBXShellScriptBuildPhase section */
		1E6331113B775B571D0AF6DD /* [CP] Copy Pods Resources */ = {
			isa = PBXShellScriptBuildPhase;
			buildActionMask = 2147483647;
			files = (
			);
			inputPaths = (
			);
			name = "[CP] Copy Pods Resources";
			outputPaths = (
			);
			runOnlyForDeploymentPostprocessing = 0;
			shellPath = /bin/sh;
			shellScript = "\"${SRCROOT}/Pods/Target Support Files/Pods-trumporfalse/Pods-trumporfalse-resources.sh\"\n";
			showEnvVarsInLog = 0;
		};
		2D2C94A6ED86E8E8C421AA36 /* [CP] Check Pods Manifest.lock */ = {
			isa = PBXShellScriptBuildPhase;
			buildActionMask = 2147483647;
			files = (
			);
			inputPaths = (
			);
			name = "[CP] Check Pods Manifest.lock";
			outputPaths = (
			);
			runOnlyForDeploymentPostprocessing = 0;
			shellPath = /bin/sh;
			shellScript = "diff \"${PODS_ROOT}/../Podfile.lock\" \"${PODS_ROOT}/Manifest.lock\" > /dev/null\nif [[ $? != 0 ]] ; then\n    cat << EOM\nerror: The sandbox is not in sync with the Podfile.lock. Run 'pod install' or update your CocoaPods installation.\nEOM\n    exit 1\nfi\n";
			showEnvVarsInLog = 0;
		};
		A8BBE1702D3BC58145BF2076 /* [CP] Embed Pods Frameworks */ = {
			isa = PBXShellScriptBuildPhase;
			buildActionMask = 2147483647;
			files = (
			);
			inputPaths = (
			);
			name = "[CP] Embed Pods Frameworks";
			outputPaths = (
			);
			runOnlyForDeploymentPostprocessing = 0;
			shellPath = /bin/sh;
			shellScript = "\"${SRCROOT}/Pods/Target Support Files/Pods-trumporfalse/Pods-trumporfalse-frameworks.sh\"\n";
			showEnvVarsInLog = 0;
		};
/* End PBXShellScriptBuildPhase section */

/* Begin PBXSourcesBuildPhase section */
		EC4B016A1D5FC95A007FCBCF /* Sources */ = {
			isa = PBXSourcesBuildPhase;
			buildActionMask = 2147483647;
			files = (
				EC4B01741D5FC95A007FCBCF /* ViewController.swift in Sources */,
				D0C0DAB01D60AA7F0080154F /* StartViewController.swift in Sources */,
				A6E752371D60972F0035CD20 /* QuoteSource.swift in Sources */,
				EC4B01721D5FC95A007FCBCF /* AppDelegate.swift in Sources */,
			);
			runOnlyForDeploymentPostprocessing = 0;
		};
/* End PBXSourcesBuildPhase section */

/* Begin PBXVariantGroup section */
		EC4B01751D5FC95A007FCBCF /* Main.storyboard */ = {
			isa = PBXVariantGroup;
			children = (
				EC4B01761D5FC95A007FCBCF /* Base */,
			);
			name = Main.storyboard;
			sourceTree = "<group>";
		};
		EC4B017A1D5FC95A007FCBCF /* LaunchScreen.storyboard */ = {
			isa = PBXVariantGroup;
			children = (
				EC4B017B1D5FC95A007FCBCF /* Base */,
			);
			name = LaunchScreen.storyboard;
			sourceTree = "<group>";
		};
/* End PBXVariantGroup section */

/* Begin XCBuildConfiguration section */
		EC4B017E1D5FC95A007FCBCF /* Debug */ = {
			isa = XCBuildConfiguration;
			buildSettings = {
				ALWAYS_SEARCH_USER_PATHS = NO;
				CLANG_ANALYZER_NONNULL = YES;
				CLANG_CXX_LANGUAGE_STANDARD = "gnu++0x";
				CLANG_CXX_LIBRARY = "libc++";
				CLANG_ENABLE_MODULES = YES;
				CLANG_ENABLE_OBJC_ARC = YES;
				CLANG_WARN_BOOL_CONVERSION = YES;
				CLANG_WARN_CONSTANT_CONVERSION = YES;
				CLANG_WARN_DIRECT_OBJC_ISA_USAGE = YES_ERROR;
				CLANG_WARN_EMPTY_BODY = YES;
				CLANG_WARN_ENUM_CONVERSION = YES;
				CLANG_WARN_INT_CONVERSION = YES;
				CLANG_WARN_OBJC_ROOT_CLASS = YES_ERROR;
				CLANG_WARN_UNREACHABLE_CODE = YES;
				CLANG_WARN__DUPLICATE_METHOD_MATCH = YES;
				"CODE_SIGN_IDENTITY[sdk=iphoneos*]" = "iPhone Developer";
				COPY_PHASE_STRIP = NO;
				DEBUG_INFORMATION_FORMAT = dwarf;
				ENABLE_STRICT_OBJC_MSGSEND = YES;
				ENABLE_TESTABILITY = YES;
				GCC_C_LANGUAGE_STANDARD = gnu99;
				GCC_DYNAMIC_NO_PIC = NO;
				GCC_NO_COMMON_BLOCKS = YES;
				GCC_OPTIMIZATION_LEVEL = 0;
				GCC_PREPROCESSOR_DEFINITIONS = (
					"DEBUG=1",
					"$(inherited)",
				);
				GCC_WARN_64_TO_32_BIT_CONVERSION = YES;
				GCC_WARN_ABOUT_RETURN_TYPE = YES_ERROR;
				GCC_WARN_UNDECLARED_SELECTOR = YES;
				GCC_WARN_UNINITIALIZED_AUTOS = YES_AGGRESSIVE;
				GCC_WARN_UNUSED_FUNCTION = YES;
				GCC_WARN_UNUSED_VARIABLE = YES;
				IPHONEOS_DEPLOYMENT_TARGET = 9.3;
				MTL_ENABLE_DEBUG_INFO = YES;
				ONLY_ACTIVE_ARCH = YES;
				SDKROOT = iphoneos;
				SWIFT_OPTIMIZATION_LEVEL = "-Onone";
				TARGETED_DEVICE_FAMILY = "1,2";
			};
			name = Debug;
		};
		EC4B017F1D5FC95A007FCBCF /* Release */ = {
			isa = XCBuildConfiguration;
			buildSettings = {
				ALWAYS_SEARCH_USER_PATHS = NO;
				CLANG_ANALYZER_NONNULL = YES;
				CLANG_CXX_LANGUAGE_STANDARD = "gnu++0x";
				CLANG_CXX_LIBRARY = "libc++";
				CLANG_ENABLE_MODULES = YES;
				CLANG_ENABLE_OBJC_ARC = YES;
				CLANG_WARN_BOOL_CONVERSION = YES;
				CLANG_WARN_CONSTANT_CONVERSION = YES;
				CLANG_WARN_DIRECT_OBJC_ISA_USAGE = YES_ERROR;
				CLANG_WARN_EMPTY_BODY = YES;
				CLANG_WARN_ENUM_CONVERSION = YES;
				CLANG_WARN_INT_CONVERSION = YES;
				CLANG_WARN_OBJC_ROOT_CLASS = YES_ERROR;
				CLANG_WARN_UNREACHABLE_CODE = YES;
				CLANG_WARN__DUPLICATE_METHOD_MATCH = YES;
				"CODE_SIGN_IDENTITY[sdk=iphoneos*]" = "iPhone Developer";
				COPY_PHASE_STRIP = NO;
				DEBUG_INFORMATION_FORMAT = "dwarf-with-dsym";
				ENABLE_NS_ASSERTIONS = NO;
				ENABLE_STRICT_OBJC_MSGSEND = YES;
				GCC_C_LANGUAGE_STANDARD = gnu99;
				GCC_NO_COMMON_BLOCKS = YES;
				GCC_WARN_64_TO_32_BIT_CONVERSION = YES;
				GCC_WARN_ABOUT_RETURN_TYPE = YES_ERROR;
				GCC_WARN_UNDECLARED_SELECTOR = YES;
				GCC_WARN_UNINITIALIZED_AUTOS = YES_AGGRESSIVE;
				GCC_WARN_UNUSED_FUNCTION = YES;
				GCC_WARN_UNUSED_VARIABLE = YES;
				IPHONEOS_DEPLOYMENT_TARGET = 9.3;
				MTL_ENABLE_DEBUG_INFO = NO;
				SDKROOT = iphoneos;
				TARGETED_DEVICE_FAMILY = "1,2";
				VALIDATE_PRODUCT = YES;
			};
			name = Release;
		};
		EC4B01811D5FC95A007FCBCF /* Debug */ = {
			isa = XCBuildConfiguration;
			baseConfigurationReference = 3D6AEA989A97862889440226 /* Pods-trumporfalse.debug.xcconfig */;
			buildSettings = {
				ASSETCATALOG_COMPILER_APPICON_NAME = AppIcon;
				CODE_SIGN_IDENTITY = "iPhone Developer";
				INFOPLIST_FILE = trumporfalse/Info.plist;
				LD_RUNPATH_SEARCH_PATHS = "$(inherited) @executable_path/Frameworks";
				PRODUCT_BUNDLE_IDENTIFIER = com.montethakkar.trumporfalse;
				PRODUCT_NAME = "$(TARGET_NAME)";
			};
			name = Debug;
		};
		EC4B01821D5FC95A007FCBCF /* Release */ = {
			isa = XCBuildConfiguration;
			baseConfigurationReference = ED153DA385A429BA00EB386A /* Pods-trumporfalse.release.xcconfig */;
			buildSettings = {
				ASSETCATALOG_COMPILER_APPICON_NAME = AppIcon;
				CODE_SIGN_IDENTITY = "iPhone Developer";
				INFOPLIST_FILE = trumporfalse/Info.plist;
				LD_RUNPATH_SEARCH_PATHS = "$(inherited) @executable_path/Frameworks";
				PRODUCT_BUNDLE_IDENTIFIER = com.montethakkar.trumporfalse;
				PRODUCT_NAME = "$(TARGET_NAME)";
			};
			name = Release;
		};
/* End XCBuildConfiguration section */

/* Begin XCConfigurationList section */
		EC4B01691D5FC95A007FCBCF /* Build configuration list for PBXProject "trumporfalse" */ = {
			isa = XCConfigurationList;
			buildConfigurations = (
				EC4B017E1D5FC95A007FCBCF /* Debug */,
				EC4B017F1D5FC95A007FCBCF /* Release */,
			);
			defaultConfigurationIsVisible = 0;
			defaultConfigurationName = Release;
		};
		EC4B01801D5FC95A007FCBCF /* Build configuration list for PBXNativeTarget "trumporfalse" */ = {
			isa = XCConfigurationList;
			buildConfigurations = (
				EC4B01811D5FC95A007FCBCF /* Debug */,
				EC4B01821D5FC95A007FCBCF /* Release */,
			);
			defaultConfigurationIsVisible = 0;
			defaultConfigurationName = Release;
		};
/* End XCConfigurationList section */
	};
	rootObject = EC4B01661D5FC95A007FCBCF /* Project object */;
}
